
Microsoft Visual Studio Solution File, Format Version 12.00
# Visual Studio Version 17
VisualStudioVersion = 17.11.35219.272
MinimumVisualStudioVersion = 10.0.40219.1
Project("{FAE04EC0-301F-11D3-BF4B-00C04F79EFBC}") = "Laboratorio 3", "Laboratorio 3\Laboratorio 3.csproj", "{27A30E18-5DE6-4F15-9FB6-B8495291AC1C}"
EndProject
Project("{FAE04EC0-301F-11D3-BF4B-00C04F79EFBC}") = "Laboratorio 31", "Laboratorio 31\Laboratorio 31.csproj", "{EA06917C-35D3-40AE-B6FE-89BDD5B73253}"
EndProject
Project("{FAE04EC0-301F-11D3-BF4B-00C04F79EFBC}") = "Laboratorio 32", "Laboratorio 32\Laboratorio 32.csproj", "{86E0BA10-C0B0-45D3-A6D7-196406E31F80}"
EndProject
Project("{FAE04EC0-301F-11D3-BF4B-00C04F79EFBC}") = "Laboratorio 33", "Laboratorio 33\Laboratorio 33.csproj", "{7DC52D7C-3073-410C-88A0-0545D11ED158}"
EndProject
Global
	GlobalSection(SolutionConfigurationPlatforms) = preSolution
		Debug|Any CPU = Debug|Any CPU
		Release|Any CPU = Release|Any CPU
	EndGlobalSection
	GlobalSection(ProjectConfigurationPlatforms) = postSolution
		{27A30E18-5DE6-4F15-9FB6-B8495291AC1C}.Debug|Any CPU.ActiveCfg = Debug|Any CPU
		{27A30E18-5DE6-4F15-9FB6-B8495291AC1C}.Debug|Any CPU.Build.0 = Debug|Any CPU
		{27A30E18-5DE6-4F15-9FB6-B8495291AC1C}.Release|Any CPU.ActiveCfg = Release|Any CPU
		{27A30E18-5DE6-4F15-9FB6-B8495291AC1C}.Release|Any CPU.Build.0 = Release|Any CPU
		{EA06917C-35D3-40AE-B6FE-89BDD5B73253}.Debug|Any CPU.ActiveCfg = Debug|Any CPU
		{EA06917C-35D3-40AE-B6FE-89BDD5B73253}.Debug|Any CPU.Build.0 = Debug|Any CPU
		{EA06917C-35D3-40AE-B6FE-89BDD5B73253}.Release|Any CPU.ActiveCfg = Release|Any CPU
		{EA06917C-35D3-40AE-B6FE-89BDD5B73253}.Release|Any CPU.Build.0 = Release|Any CPU
		{86E0BA10-C0B0-45D3-A6D7-196406E31F80}.Debug|Any CPU.ActiveCfg = Debug|Any CPU
		{86E0BA10-C0B0-45D3-A6D7-196406E31F80}.Debug|Any CPU.Build.0 = Debug|Any CPU
		{86E0BA10-C0B0-45D3-A6D7-196406E31F80}.Release|Any CPU.ActiveCfg = Release|Any CPU
		{86E0BA10-C0B0-45D3-A6D7-196406E31F80}.Release|Any CPU.Build.0 = Release|Any CPU
		{7DC52D7C-3073-410C-88A0-0545D11ED158}.Debug|Any CPU.ActiveCfg = Debug|Any CPU
		{7DC52D7C-3073-410C-88A0-0545D11ED158}.Debug|Any CPU.Build.0 = Debug|Any CPU
		{7DC52D7C-3073-410C-88A0-0545D11ED158}.Release|Any CPU.ActiveCfg = Release|Any CPU
		{7DC52D7C-3073-410C-88A0-0545D11ED158}.Release|Any CPU.Build.0 = Release|Any CPU
	EndGlobalSection
	GlobalSection(SolutionProperties) = preSolution
		HideSolutionNode = FALSE
	EndGlobalSection
	GlobalSection(ExtensibilityGlobals) = postSolution
		SolutionGuid = {3FC7E12A-881F-4A51-87CA-951B265DDBA0}
	EndGlobalSection
EndGlobal
