
Microsoft Visual Studio Solution File, Format Version 12.00
# Visual Studio Version 17
VisualStudioVersion = 17.11.35219.272
MinimumVisualStudioVersion = 10.0.40219.1
Project("{FAE04EC0-301F-11D3-BF4B-00C04F79EFBC}") = "Laboratorio 7", "Laboratorio 7\Laboratorio 7.csproj", "{6E7827FE-77A2-46AD-8DEF-B1D009AE105D}"
EndProject
Project("{FAE04EC0-301F-11D3-BF4B-00C04F79EFBC}") = "Laboratorio 7-2", "Laboratorio 7-2\Laboratorio 7-2.csproj", "{D92BFCF5-FCBE-4797-BF51-E4F867A7F931}"
EndProject
Global
	GlobalSection(SolutionConfigurationPlatforms) = preSolution
		Debug|Any CPU = Debug|Any CPU
		Release|Any CPU = Release|Any CPU
	EndGlobalSection
	GlobalSection(ProjectConfigurationPlatforms) = postSolution
		{6E7827FE-77A2-46AD-8DEF-B1D009AE105D}.Debug|Any CPU.ActiveCfg = Debug|Any CPU
		{6E7827FE-77A2-46AD-8DEF-B1D009AE105D}.Debug|Any CPU.Build.0 = Debug|Any CPU
		{6E7827FE-77A2-46AD-8DEF-B1D009AE105D}.Release|Any CPU.ActiveCfg = Release|Any CPU
		{6E7827FE-77A2-46AD-8DEF-B1D009AE105D}.Release|Any CPU.Build.0 = Release|Any CPU
		{D92BFCF5-FCBE-4797-BF51-E4F867A7F931}.Debug|Any CPU.ActiveCfg = Debug|Any CPU
		{D92BFCF5-FCBE-4797-BF51-E4F867A7F931}.Debug|Any CPU.Build.0 = Debug|Any CPU
		{D92BFCF5-FCBE-4797-BF51-E4F867A7F931}.Release|Any CPU.ActiveCfg = Release|Any CPU
		{D92BFCF5-FCBE-4797-BF51-E4F867A7F931}.Release|Any CPU.Build.0 = Release|Any CPU
	EndGlobalSection
	GlobalSection(SolutionProperties) = preSolution
		HideSolutionNode = FALSE
	EndGlobalSection
	GlobalSection(ExtensibilityGlobals) = postSolution
		SolutionGuid = {BAFA1D95-CC44-4529-8384-DA6452F40ED1}
	EndGlobalSection
EndGlobal
